%{
  "axon": {:git, "https://github.com/elixir-nx/axon.git", "4487230250b78856a726dd222149bd44a3f863d0", []},
  "axon_onnx": {:git, "https://github.com/stefkohub/axon_onnx.git", "45e10b27113b12cf31efe088cb710cc1bd6c5635", [tag: "master"]},
  "configparser_ex": {:git, "https://github.com/stefkohub/configparser_ex.git", "77c5b59cd61bad6e43b4e4d4fc48e1af382a81e9", [tag: "master"]},
  "elixir_make": {:hex, :elixir_make, "0.6.3", "bc07d53221216838d79e03a8019d0839786703129599e9619f4ab74c8c096eac", [:mix], [], "hexpm", "f5cbd651c5678bcaabdbb7857658ee106b12509cd976c2c2fca99688e1daf716"},
  "exla": {:git, "https://github.com/elixir-nx/nx.git", "ec220954d76b02304db91d0437598e952b5db593", [sparse: "exla"]},
  "explorer": {:git, "https://github.com/elixir-nx/explorer.git", "65c56803666e94fe60e8b0a461104a6857096ac4", []},
  "jason": {:hex, :jason, "1.2.2", "ba43e3f2709fd1aa1dce90aaabfd039d000469c05c56f0b8e31978e03fa39052", [:mix], [{:decimal, "~> 1.0 or ~> 2.0", [hex: :decimal, repo: "hexpm", optional: true]}], "hexpm", "18a228f5f0058ee183f29f9eae0805c6e59d61c3b006760668d8d18ff0d12179"},
  "nx": {:git, "https://github.com/elixir-nx/nx.git", "ec220954d76b02304db91d0437598e952b5db593", [sparse: "nx"]},
  "protox": {:hex, :protox, "1.4.0", "2fc940fd8b10c07b935cff4a447b0b57b45d0cb747a9c66df3757e0850d53a82", [:mix], [], "hexpm", "871f3038939c947159fc00e3b79127ea57c896204448bb5517fd666a4cca5313"},
  "rustler": {:hex, :rustler, "0.22.2", "f92d6dba71bef6fe5f0d955649cb071127adc92f32a78890e8fa9939e59a1b41", [:mix], [{:jason, "~> 1.2", [hex: :jason, repo: "hexpm", optional: false]}, {:toml, "~> 0.5.2", [hex: :toml, repo: "hexpm", optional: false]}], "hexpm", "56b129141e86d60a2d670af9a2b55a9071e10933ef593034565af77e84655118"},
  "table_rex": {:hex, :table_rex, "3.1.1", "0c67164d1714b5e806d5067c1e96ff098ba7ae79413cc075973e17c38a587caa", [:mix], [], "hexpm", "678a23aba4d670419c23c17790f9dcd635a4a89022040df7d5d772cb21012490"},
  "toml": {:hex, :toml, "0.5.2", "e471388a8726d1ce51a6b32f864b8228a1eb8edc907a0edf2bb50eab9321b526", [:mix], [], "hexpm", "f1e3dabef71fb510d015fad18c0e05e7c57281001141504c6b69d94e99750a07"},
  "torchx": {:git, "https://github.com/elixir-nx/nx.git", "ec220954d76b02304db91d0437598e952b5db593", [sparse: "torchx"]},
  "xla": {:hex, :xla, "0.2.0", "689887888afb22587168d461f0e9ff83d7b06040273ea7082dbf9ff7eca33dcc", [:make, :mix], [{:elixir_make, "~> 0.4", [hex: :elixir_make, repo: "hexpm", optional: false]}], "hexpm", "a2e7b81413db49a159eabfb12dbd784a7c04b5c68c7b4057238d5ec9b110f2ec"},
}
